
Microsoft Visual Studio Solution File, Format Version 12.00
# Visual Studio Version 16
VisualStudioVersion = 16.0.29613.14
MinimumVisualStudioVersion = 10.0.40219.1
Project("{FAE04EC0-301F-11D3-BF4B-00C04F79EFBC}") = "Midterm", "Midterm.csproj", "{DF877146-7AA1-4913-B315-8E674D1D92BC}"
EndProject
Global
	GlobalSection(SolutionConfigurationPlatforms) = preSolution
		Debug|Any CPU = Debug|Any CPU
		Release|Any CPU = Release|Any CPU
	EndGlobalSection
	GlobalSection(ProjectConfigurationPlatforms) = postSolution
		{DF877146-7AA1-4913-B315-8E674D1D92BC}.Debug|Any CPU.ActiveCfg = Debug|Any CPU
		{DF877146-7AA1-4913-B315-8E674D1D92BC}.Debug|Any CPU.Build.0 = Debug|Any CPU
		{DF877146-7AA1-4913-B315-8E674D1D92BC}.Release|Any CPU.ActiveCfg = Release|Any CPU
		{DF877146-7AA1-4913-B315-8E674D1D92BC}.Release|Any CPU.Build.0 = Release|Any CPU
	EndGlobalSection
	GlobalSection(SolutionProperties) = preSolution
		HideSolutionNode = FALSE
	EndGlobalSection
	GlobalSection(ExtensibilityGlobals) = postSolution
		SolutionGuid = {5101ED1B-9566-42EE-BBFA-7A5FE5E595A7}
	EndGlobalSection
EndGlobal
